// !$*UTF8*$!
{
	archiveVersion = 1;
	classes = {
	};
	objectVersion = 50;
	objects = {

/* Begin PBXBuildFile section */
		79CFA5AB2653058300FA8442 /* Tests_iOS.swift in Sources */ = {isa = PBXBuildFile; fileRef = 79CFA5AA2653058300FA8442 /* Tests_iOS.swift */; };
		79CFA5B62653058300FA8442 /* Tests_macOS.swift in Sources */ = {isa = PBXBuildFile; fileRef = 79CFA5B52653058300FA8442 /* Tests_macOS.swift */; };
		79CFA5B82653058300FA8442 /* MetaTracker.xcdatamodeld in Sources */ = {isa = PBXBuildFile; fileRef = 79CFA58C2653058200FA8442 /* MetaTracker.xcdatamodeld */; };
		79CFA5B92653058300FA8442 /* MetaTracker.xcdatamodeld in Sources */ = {isa = PBXBuildFile; fileRef = 79CFA58C2653058200FA8442 /* MetaTracker.xcdatamodeld */; };
		79CFA5BA2653058300FA8442 /* MetaTrackerApp.swift in Sources */ = {isa = PBXBuildFile; fileRef = 79CFA58E2653058200FA8442 /* MetaTrackerApp.swift */; };
		79CFA5BB2653058300FA8442 /* MetaTrackerApp.swift in Sources */ = {isa = PBXBuildFile; fileRef = 79CFA58E2653058200FA8442 /* MetaTrackerApp.swift */; };
		79CFA5BC2653058300FA8442 /* ContentView.swift in Sources */ = {isa = PBXBuildFile; fileRef = 79CFA58F2653058200FA8442 /* ContentView.swift */; };
		79CFA5BD2653058300FA8442 /* ContentView.swift in Sources */ = {isa = PBXBuildFile; fileRef = 79CFA58F2653058200FA8442 /* ContentView.swift */; };
		79CFA5BE2653058300FA8442 /* Persistence.swift in Sources */ = {isa = PBXBuildFile; fileRef = 79CFA5902653058200FA8442 /* Persistence.swift */; };
		79CFA5BF2653058300FA8442 /* Persistence.swift in Sources */ = {isa = PBXBuildFile; fileRef = 79CFA5902653058200FA8442 /* Persistence.swift */; };
		79CFA5C02653058300FA8442 /* Assets.xcassets in Resources */ = {isa = PBXBuildFile; fileRef = 79CFA5912653058300FA8442 /* Assets.xcassets */; };
		79CFA5C12653058300FA8442 /* Assets.xcassets in Resources */ = {isa = PBXBuildFile; fileRef = 79CFA5912653058300FA8442 /* Assets.xcassets */; };
/* End PBXBuildFile section */

/* Begin PBXContainerItemProxy section */
		79CFA5A72653058300FA8442 /* PBXContainerItemProxy */ = {
			isa = PBXContainerItemProxy;
			containerPortal = 79CFA5872653058200FA8442 /* Project object */;
			proxyType = 1;
			remoteGlobalIDString = 79CFA5952653058300FA8442;
			remoteInfo = "MetaTracker (iOS)";
		};
		79CFA5B22653058300FA8442 /* PBXContainerItemProxy */ = {
			isa = PBXContainerItemProxy;
			containerPortal = 79CFA5872653058200FA8442 /* Project object */;
			proxyType = 1;
			remoteGlobalIDString = 79CFA59D2653058300FA8442;
			remoteInfo = "MetaTracker (macOS)";
		};
/* End PBXContainerItemProxy section */

/* Begin PBXFileReference section */
		79CFA58D2653058200FA8442 /* Shared.xcdatamodel */ = {isa = PBXFileReference; lastKnownFileType = wrapper.xcdatamodel; path = Shared.xcdatamodel; sourceTree = "<group>"; };
		79CFA58E2653058200FA8442 /* MetaTrackerApp.swift */ = {isa = PBXFileReference; lastKnownFileType = sourcecode.swift; path = MetaTrackerApp.swift; sourceTree = "<group>"; };
		79CFA58F2653058200FA8442 /* ContentView.swift */ = {isa = PBXFileReference; lastKnownFileType = sourcecode.swift; path = ContentView.swift; sourceTree = "<group>"; };
		79CFA5902653058200FA8442 /* Persistence.swift */ = {isa = PBXFileReference; lastKnownFileType = sourcecode.swift; path = Persistence.swift; sourceTree = "<group>"; };
		79CFA5912653058300FA8442 /* Assets.xcassets */ = {isa = PBXFileReference; lastKnownFileType = folder.assetcatalog; path = Assets.xcassets; sourceTree = "<group>"; };
		79CFA5962653058300FA8442 /* MetaTracker.app */ = {isa = PBXFileReference; explicitFileType = wrapper.application; includeInIndex = 0; path = MetaTracker.app; sourceTree = BUILT_PRODUCTS_DIR; };
		79CFA5992653058300FA8442 /* Info.plist */ = {isa = PBXFileReference; lastKnownFileType = text.plist.xml; path = Info.plist; sourceTree = "<group>"; };
		79CFA59E2653058300FA8442 /* MetaTracker.app */ = {isa = PBXFileReference; explicitFileType = wrapper.application; includeInIndex = 0; path = MetaTracker.app; sourceTree = BUILT_PRODUCTS_DIR; };
		79CFA5A02653058300FA8442 /* Info.plist */ = {isa = PBXFileReference; lastKnownFileType = text.plist.xml; path = Info.plist; sourceTree = "<group>"; };
		79CFA5A12653058300FA8442 /* macOS.entitlements */ = {isa = PBXFileReference; lastKnownFileType = text.plist.entitlements; path = macOS.entitlements; sourceTree = "<group>"; };
		79CFA5A62653058300FA8442 /* Tests iOS.xctest */ = {isa = PBXFileReference; explicitFileType = wrapper.cfbundle; includeInIndex = 0; path = "Tests iOS.xctest"; sourceTree = BUILT_PRODUCTS_DIR; };
		79CFA5AA2653058300FA8442 /* Tests_iOS.swift */ = {isa = PBXFileReference; lastKnownFileType = sourcecode.swift; path = Tests_iOS.swift; sourceTree = "<group>"; };
		79CFA5AC2653058300FA8442 /* Info.plist */ = {isa = PBXFileReference; lastKnownFileType = text.plist.xml; path = Info.plist; sourceTree = "<group>"; };
		79CFA5B12653058300FA8442 /* Tests macOS.xctest */ = {isa = PBXFileReference; explicitFileType = wrapper.cfbundle; includeInIndex = 0; path = "Tests macOS.xctest"; sourceTree = BUILT_PRODUCTS_DIR; };
		79CFA5B52653058300FA8442 /* Tests_macOS.swift */ = {isa = PBXFileReference; lastKnownFileType = sourcecode.swift; path = Tests_macOS.swift; sourceTree = "<group>"; };
		79CFA5B72653058300FA8442 /* Info.plist */ = {isa = PBXFileReference; lastKnownFileType = text.plist.xml; path = Info.plist; sourceTree = "<group>"; };
/* End PBXFileReference section */

/* Begin PBXFrameworksBuildPhase section */
		79CFA5932653058300FA8442 /* Frameworks */ = {
			isa = PBXFrameworksBuildPhase;
			buildActionMask = 2147483647;
			files = (
			);
			runOnlyForDeploymentPostprocessing = 0;
		};
		79CFA59B2653058300FA8442 /* Frameworks */ = {
			isa = PBXFrameworksBuildPhase;
			buildActionMask = 2147483647;
			files = (
			);
			runOnlyForDeploymentPostprocessing = 0;
		};
		79CFA5A32653058300FA8442 /* Frameworks */ = {
			isa = PBXFrameworksBuildPhase;
			buildActionMask = 2147483647;
			files = (
			);
			runOnlyForDeploymentPostprocessing = 0;
		};
		79CFA5AE2653058300FA8442 /* Frameworks */ = {
			isa = PBXFrameworksBuildPhase;
			buildActionMask = 2147483647;
			files = (
			);
			runOnlyForDeploymentPostprocessing = 0;
		};
/* End PBXFrameworksBuildPhase section */

/* Begin PBXGroup section */
		79CFA5862653058200FA8442 = {
			isa = PBXGroup;
			children = (
				79CFA58B2653058200FA8442 /* Shared */,
				79CFA5982653058300FA8442 /* iOS */,
				79CFA59F2653058300FA8442 /* macOS */,
				79CFA5A92653058300FA8442 /* Tests iOS */,
				79CFA5B42653058300FA8442 /* Tests macOS */,
				79CFA5972653058300FA8442 /* Products */,
			);
			sourceTree = "<group>";
		};
		79CFA58B2653058200FA8442 /* Shared */ = {
			isa = PBXGroup;
			children = (
				79CFA58E2653058200FA8442 /* MetaTrackerApp.swift */,
				79CFA58F2653058200FA8442 /* ContentView.swift */,
				79CFA5902653058200FA8442 /* Persistence.swift */,
				79CFA5912653058300FA8442 /* Assets.xcassets */,
				79CFA58C2653058200FA8442 /* MetaTracker.xcdatamodeld */,
			);
			path = Shared;
			sourceTree = "<group>";
		};
		79CFA5972653058300FA8442 /* Products */ = {
			isa = PBXGroup;
			children = (
				79CFA5962653058300FA8442 /* MetaTracker.app */,
				79CFA59E2653058300FA8442 /* MetaTracker.app */,
				79CFA5A62653058300FA8442 /* Tests iOS.xctest */,
				79CFA5B12653058300FA8442 /* Tests macOS.xctest */,
			);
			name = Products;
			sourceTree = "<group>";
		};
		79CFA5982653058300FA8442 /* iOS */ = {
			isa = PBXGroup;
			children = (
				79CFA5992653058300FA8442 /* Info.plist */,
			);
			path = iOS;
			sourceTree = "<group>";
		};
		79CFA59F2653058300FA8442 /* macOS */ = {
			isa = PBXGroup;
			children = (
				79CFA5A02653058300FA8442 /* Info.plist */,
				79CFA5A12653058300FA8442 /* macOS.entitlements */,
			);
			path = macOS;
			sourceTree = "<group>";
		};
		79CFA5A92653058300FA8442 /* Tests iOS */ = {
			isa = PBXGroup;
			children = (
				79CFA5AA2653058300FA8442 /* Tests_iOS.swift */,
				79CFA5AC2653058300FA8442 /* Info.plist */,
			);
			path = "Tests iOS";
			sourceTree = "<group>";
		};
		79CFA5B42653058300FA8442 /* Tests macOS */ = {
			isa = PBXGroup;
			children = (
				79CFA5B52653058300FA8442 /* Tests_macOS.swift */,
				79CFA5B72653058300FA8442 /* Info.plist */,
			);
			path = "Tests macOS";
			sourceTree = "<group>";
		};
/* End PBXGroup section */

/* Begin PBXNativeTarget section */
		79CFA5952653058300FA8442 /* MetaTracker (iOS) */ = {
			isa = PBXNativeTarget;
			buildConfigurationList = 79CFA5C42653058300FA8442 /* Build configuration list for PBXNativeTarget "MetaTracker (iOS)" */;
			buildPhases = (
				79CFA5922653058300FA8442 /* Sources */,
				79CFA5932653058300FA8442 /* Frameworks */,
				79CFA5942653058300FA8442 /* Resources */,
			);
			buildRules = (
			);
			dependencies = (
			);
			name = "MetaTracker (iOS)";
			productName = "MetaTracker (iOS)";
			productReference = 79CFA5962653058300FA8442 /* MetaTracker.app */;
			productType = "com.apple.product-type.application";
		};
		79CFA59D2653058300FA8442 /* MetaTracker (macOS) */ = {
			isa = PBXNativeTarget;
			buildConfigurationList = 79CFA5C72653058300FA8442 /* Build configuration list for PBXNativeTarget "MetaTracker (macOS)" */;
			buildPhases = (
				79CFA59A2653058300FA8442 /* Sources */,
				79CFA59B2653058300FA8442 /* Frameworks */,
				79CFA59C2653058300FA8442 /* Resources */,
			);
			buildRules = (
			);
			dependencies = (
			);
			name = "MetaTracker (macOS)";
			productName = "MetaTracker (macOS)";
			productReference = 79CFA59E2653058300FA8442 /* MetaTracker.app */;
			productType = "com.apple.product-type.application";
		};
		79CFA5A52653058300FA8442 /* Tests iOS */ = {
			isa = PBXNativeTarget;
			buildConfigurationList = 79CFA5CA2653058300FA8442 /* Build configuration list for PBXNativeTarget "Tests iOS" */;
			buildPhases = (
				79CFA5A22653058300FA8442 /* Sources */,
				79CFA5A32653058300FA8442 /* Frameworks */,
				79CFA5A42653058300FA8442 /* Resources */,
			);
			buildRules = (
			);
			dependencies = (
				79CFA5A82653058300FA8442 /* PBXTargetDependency */,
			);
			name = "Tests iOS";
			productName = "Tests iOS";
			productReference = 79CFA5A62653058300FA8442 /* Tests iOS.xctest */;
			productType = "com.apple.product-type.bundle.ui-testing";
		};
		79CFA5B02653058300FA8442 /* Tests macOS */ = {
			isa = PBXNativeTarget;
			buildConfigurationList = 79CFA5CD2653058300FA8442 /* Build configuration list for PBXNativeTarget "Tests macOS" */;
			buildPhases = (
				79CFA5AD2653058300FA8442 /* Sources */,
				79CFA5AE2653058300FA8442 /* Frameworks */,
				79CFA5AF2653058300FA8442 /* Resources */,
			);
			buildRules = (
			);
			dependencies = (
				79CFA5B32653058300FA8442 /* PBXTargetDependency */,
			);
			name = "Tests macOS";
			productName = "Tests macOS";
			productReference = 79CFA5B12653058300FA8442 /* Tests macOS.xctest */;
			productType = "com.apple.product-type.bundle.ui-testing";
		};
/* End PBXNativeTarget section */

/* Begin PBXProject section */
		79CFA5872653058200FA8442 /* Project object */ = {
			isa = PBXProject;
			attributes = {
				LastSwiftUpdateCheck = 1250;
				LastUpgradeCheck = 1250;
				TargetAttributes = {
					79CFA5952653058300FA8442 = {
						CreatedOnToolsVersion = 12.5;
					};
					79CFA59D2653058300FA8442 = {
						CreatedOnToolsVersion = 12.5;
					};
					79CFA5A52653058300FA8442 = {
						CreatedOnToolsVersion = 12.5;
						TestTargetID = 79CFA5952653058300FA8442;
					};
					79CFA5B02653058300FA8442 = {
						CreatedOnToolsVersion = 12.5;
						TestTargetID = 79CFA59D2653058300FA8442;
					};
				};
			};
			buildConfigurationList = 79CFA58A2653058200FA8442 /* Build configuration list for PBXProject "MetaTracker" */;
			compatibilityVersion = "Xcode 9.3";
			developmentRegion = en;
			hasScannedForEncodings = 0;
			knownRegions = (
				en,
				Base,
			);
			mainGroup = 79CFA5862653058200FA8442;
			productRefGroup = 79CFA5972653058300FA8442 /* Products */;
			projectDirPath = "";
			projectRoot = "";
			targets = (
				79CFA5952653058300FA8442 /* MetaTracker (iOS) */,
				79CFA59D2653058300FA8442 /* MetaTracker (macOS) */,
				79CFA5A52653058300FA8442 /* Tests iOS */,
				79CFA5B02653058300FA8442 /* Tests macOS */,
			);
		};
/* End PBXProject section */

/* Begin PBXResourcesBuildPhase section */
		79CFA5942653058300FA8442 /* Resources */ = {
			isa = PBXResourcesBuildPhase;
			buildActionMask = 2147483647;
			files = (
				79CFA5C02653058300FA8442 /* Assets.xcassets in Resources */,
			);
			runOnlyForDeploymentPostprocessing = 0;
		};
		79CFA59C2653058300FA8442 /* Resources */ = {
			isa = PBXResourcesBuildPhase;
			buildActionMask = 2147483647;
			files = (
				79CFA5C12653058300FA8442 /* Assets.xcassets in Resources */,
			);
			runOnlyForDeploymentPostprocessing = 0;
		};
		79CFA5A42653058300FA8442 /* Resources */ = {
			isa = PBXResourcesBuildPhase;
			buildActionMask = 2147483647;
			files = (
			);
			runOnlyForDeploymentPostprocessing = 0;
		};
		79CFA5AF2653058300FA8442 /* Resources */ = {
			isa = PBXResourcesBuildPhase;
			buildActionMask = 2147483647;
			files = (
			);
			runOnlyForDeploymentPostprocessing = 0;
		};
/* End PBXResourcesBuildPhase section */

/* Begin PBXSourcesBuildPhase section */
		79CFA5922653058300FA8442 /* Sources */ = {
			isa = PBXSourcesBuildPhase;
			buildActionMask = 2147483647;
			files = (
				79CFA5B82653058300FA8442 /* MetaTracker.xcdatamodeld in Sources */,
				79CFA5BE2653058300FA8442 /* Persistence.swift in Sources */,
				79CFA5BA2653058300FA8442 /* MetaTrackerApp.swift in Sources */,
				79CFA5BC2653058300FA8442 /* ContentView.swift in Sources */,
			);
			runOnlyForDeploymentPostprocessing = 0;
		};
		79CFA59A2653058300FA8442 /* Sources */ = {
			isa = PBXSourcesBuildPhase;
			buildActionMask = 2147483647;
			files = (
				79CFA5B92653058300FA8442 /* MetaTracker.xcdatamodeld in Sources */,
				79CFA5BF2653058300FA8442 /* Persistence.swift in Sources */,
				79CFA5BB2653058300FA8442 /* MetaTrackerApp.swift in Sources */,
				79CFA5BD2653058300FA8442 /* ContentView.swift in Sources */,
			);
			runOnlyForDeploymentPostprocessing = 0;
		};
		79CFA5A22653058300FA8442 /* Sources */ = {
			isa = PBXSourcesBuildPhase;
			buildActionMask = 2147483647;
			files = (
				79CFA5AB2653058300FA8442 /* Tests_iOS.swift in Sources */,
			);
			runOnlyForDeploymentPostprocessing = 0;
		};
		79CFA5AD2653058300FA8442 /* Sources */ = {
			isa = PBXSourcesBuildPhase;
			buildActionMask = 2147483647;
			files = (
				79CFA5B62653058300FA8442 /* Tests_macOS.swift in Sources */,
			);
			runOnlyForDeploymentPostprocessing = 0;
		};
/* End PBXSourcesBuildPhase section */

/* Begin PBXTargetDependency section */
		79CFA5A82653058300FA8442 /* PBXTargetDependency */ = {
			isa = PBXTargetDependency;
			target = 79CFA5952653058300FA8442 /* MetaTracker (iOS) */;
			targetProxy = 79CFA5A72653058300FA8442 /* PBXContainerItemProxy */;
		};
		79CFA5B32653058300FA8442 /* PBXTargetDependency */ = {
			isa = PBXTargetDependency;
			target = 79CFA59D2653058300FA8442 /* MetaTracker (macOS) */;
			targetProxy = 79CFA5B22653058300FA8442 /* PBXContainerItemProxy */;
		};
/* End PBXTargetDependency section */

/* Begin XCBuildConfiguration section */
		79CFA5C22653058300FA8442 /* Debug */ = {
			isa = XCBuildConfiguration;
			buildSettings = {
				ALWAYS_SEARCH_USER_PATHS = NO;
				CLANG_ANALYZER_NONNULL = YES;
				CLANG_ANALYZER_NUMBER_OBJECT_CONVERSION = YES_AGGRESSIVE;
				CLANG_CXX_LANGUAGE_STANDARD = "gnu++14";
				CLANG_CXX_LIBRARY = "libc++";
				CLANG_ENABLE_MODULES = YES;
				CLANG_ENABLE_OBJC_ARC = YES;
				CLANG_ENABLE_OBJC_WEAK = YES;
				CLANG_WARN_BLOCK_CAPTURE_AUTORELEASING = YES;
				CLANG_WARN_BOOL_CONVERSION = YES;
				CLANG_WARN_COMMA = YES;
				CLANG_WARN_CONSTANT_CONVERSION = YES;
				CLANG_WARN_DEPRECATED_OBJC_IMPLEMENTATIONS = YES;
				CLANG_WARN_DIRECT_OBJC_ISA_USAGE = YES_ERROR;
				CLANG_WARN_DOCUMENTATION_COMMENTS = YES;
				CLANG_WARN_EMPTY_BODY = YES;
				CLANG_WARN_ENUM_CONVERSION = YES;
				CLANG_WARN_INFINITE_RECURSION = YES;
				CLANG_WARN_INT_CONVERSION = YES;
				CLANG_WARN_NON_LITERAL_NULL_CONVERSION = YES;
				CLANG_WARN_OBJC_IMPLICIT_RETAIN_SELF = YES;
				CLANG_WARN_OBJC_LITERAL_CONVERSION = YES;
				CLANG_WARN_OBJC_ROOT_CLASS = YES_ERROR;
				CLANG_WARN_QUOTED_INCLUDE_IN_FRAMEWORK_HEADER = YES;
				CLANG_WARN_RANGE_LOOP_ANALYSIS = YES;
				CLANG_WARN_STRICT_PROTOTYPES = YES;
				CLANG_WARN_SUSPICIOUS_MOVE = YES;
				CLANG_WARN_UNGUARDED_AVAILABILITY = YES_AGGRESSIVE;
				CLANG_WARN_UNREACHABLE_CODE = YES;
				CLANG_WARN__DUPLICATE_METHOD_MATCH = YES;
				COPY_PHASE_STRIP = NO;
				DEBUG_INFORMATION_FORMAT = dwarf;
				ENABLE_STRICT_OBJC_MSGSEND = YES;
				ENABLE_TESTABILITY = YES;
				GCC_C_LANGUAGE_STANDARD = gnu11;
				GCC_DYNAMIC_NO_PIC = NO;
				GCC_NO_COMMON_BLOCKS = YES;
				GCC_OPTIMIZATION_LEVEL = 0;
				GCC_PREPROCESSOR_DEFINITIONS = (
					"DEBUG=1",
					"$(inherited)",
				);
				GCC_WARN_64_TO_32_BIT_CONVERSION = YES;
				GCC_WARN_ABOUT_RETURN_TYPE = YES_ERROR;
				GCC_WARN_UNDECLARED_SELECTOR = YES;
				GCC_WARN_UNINITIALIZED_AUTOS = YES_AGGRESSIVE;
				GCC_WARN_UNUSED_FUNCTION = YES;
				GCC_WARN_UNUSED_VARIABLE = YES;
				MTL_ENABLE_DEBUG_INFO = INCLUDE_SOURCE;
				MTL_FAST_MATH = YES;
				ONLY_ACTIVE_ARCH = YES;
				SWIFT_ACTIVE_COMPILATION_CONDITIONS = DEBUG;
				SWIFT_OPTIMIZATION_LEVEL = "-Onone";
			};
			name = Debug;
		};
		79CFA5C32653058300FA8442 /* Release */ = {
			isa = XCBuildConfiguration;
			buildSettings = {
				ALWAYS_SEARCH_USER_PATHS = NO;
				CLANG_ANALYZER_NONNULL = YES;
				CLANG_ANALYZER_NUMBER_OBJECT_CONVERSION = YES_AGGRESSIVE;
				CLANG_CXX_LANGUAGE_STANDARD = "gnu++14";
				CLANG_CXX_LIBRARY = "libc++";
				CLANG_ENABLE_MODULES = YES;
				CLANG_ENABLE_OBJC_ARC = YES;
				CLANG_ENABLE_OBJC_WEAK = YES;
				CLANG_WARN_BLOCK_CAPTURE_AUTORELEASING = YES;
				CLANG_WARN_BOOL_CONVERSION = YES;
				CLANG_WARN_COMMA = YES;
				CLANG_WARN_CONSTANT_CONVERSION = YES;
				CLANG_WARN_DEPRECATED_OBJC_IMPLEMENTATIONS = YES;
				CLANG_WARN_DIRECT_OBJC_ISA_USAGE = YES_ERROR;
				CLANG_WARN_DOCUMENTATION_COMMENTS = YES;
				CLANG_WARN_EMPTY_BODY = YES;
				CLANG_WARN_ENUM_CONVERSION = YES;
				CLANG_WARN_INFINITE_RECURSION = YES;
				CLANG_WARN_INT_CONVERSION = YES;
				CLANG_WARN_NON_LITERAL_NULL_CONVERSION = YES;
				CLANG_WARN_OBJC_IMPLICIT_RETAIN_SELF = YES;
				CLANG_WARN_OBJC_LITERAL_CONVERSION = YES;
				CLANG_WARN_OBJC_ROOT_CLASS = YES_ERROR;
				CLANG_WARN_QUOTED_INCLUDE_IN_FRAMEWORK_HEADER = YES;
				CLANG_WARN_RANGE_LOOP_ANALYSIS = YES;
				CLANG_WARN_STRICT_PROTOTYPES = YES;
				CLANG_WARN_SUSPICIOUS_MOVE = YES;
				CLANG_WARN_UNGUARDED_AVAILABILITY = YES_AGGRESSIVE;
				CLANG_WARN_UNREACHABLE_CODE = YES;
				CLANG_WARN__DUPLICATE_METHOD_MATCH = YES;
				COPY_PHASE_STRIP = NO;
				DEBUG_INFORMATION_FORMAT = "dwarf-with-dsym";
				ENABLE_NS_ASSERTIONS = NO;
				ENABLE_STRICT_OBJC_MSGSEND = YES;
				GCC_C_LANGUAGE_STANDARD = gnu11;
				GCC_NO_COMMON_BLOCKS = YES;
				GCC_WARN_64_TO_32_BIT_CONVERSION = YES;
				GCC_WARN_ABOUT_RETURN_TYPE = YES_ERROR;
				GCC_WARN_UNDECLARED_SELECTOR = YES;
				GCC_WARN_UNINITIALIZED_AUTOS = YES_AGGRESSIVE;
				GCC_WARN_UNUSED_FUNCTION = YES;
				GCC_WARN_UNUSED_VARIABLE = YES;
				MTL_ENABLE_DEBUG_INFO = NO;
				MTL_FAST_MATH = YES;
				SWIFT_COMPILATION_MODE = wholemodule;
				SWIFT_OPTIMIZATION_LEVEL = "-O";
			};
			name = Release;
		};
		79CFA5C52653058300FA8442 /* Debug */ = {
			isa = XCBuildConfiguration;
			buildSettings = {
				ASSETCATALOG_COMPILER_APPICON_NAME = AppIcon;
				ASSETCATALOG_COMPILER_GLOBAL_ACCENT_COLOR_NAME = AccentColor;
				CODE_SIGN_STYLE = Automatic;
				DEVELOPMENT_TEAM = ELTTE7K8TT;
				ENABLE_PREVIEWS = YES;
				INFOPLIST_FILE = iOS/Info.plist;
				IPHONEOS_DEPLOYMENT_TARGET = 14.0;
				LD_RUNPATH_SEARCH_PATHS = (
					"$(inherited)",
					"@executable_path/Frameworks",
				);
				MARKETING_VERSION = 0.1.0;
				PRODUCT_BUNDLE_IDENTIFIER = br.dev.native.metatracker;
				PRODUCT_NAME = MetaTracker;
				SDKROOT = iphoneos;
				SWIFT_VERSION = 5.0;
				TARGETED_DEVICE_FAMILY = "1,2";
			};
			name = Debug;
		};
		79CFA5C62653058300FA8442 /* Release */ = {
			isa = XCBuildConfiguration;
			buildSettings = {
				ASSETCATALOG_COMPILER_APPICON_NAME = AppIcon;
				ASSETCATALOG_COMPILER_GLOBAL_ACCENT_COLOR_NAME = AccentColor;
				CODE_SIGN_STYLE = Automatic;
				DEVELOPMENT_TEAM = ELTTE7K8TT;
				ENABLE_PREVIEWS = YES;
				INFOPLIST_FILE = iOS/Info.plist;
				IPHONEOS_DEPLOYMENT_TARGET = 14.0;
				LD_RUNPATH_SEARCH_PATHS = (
					"$(inherited)",
					"@executable_path/Frameworks",
				);
				MARKETING_VERSION = 0.1.0;
				PRODUCT_BUNDLE_IDENTIFIER = br.dev.native.metatracker;
				PRODUCT_NAME = MetaTracker;
				SDKROOT = iphoneos;
				SWIFT_VERSION = 5.0;
				TARGETED_DEVICE_FAMILY = "1,2";
				VALIDATE_PRODUCT = YES;
			};
			name = Release;
		};
		79CFA5C82653058300FA8442 /* Debug */ = {
			isa = XCBuildConfiguration;
			buildSettings = {
				ASSETCATALOG_COMPILER_APPICON_NAME = AppIcon;
				ASSETCATALOG_COMPILER_GLOBAL_ACCENT_COLOR_NAME = AccentColor;
				CODE_SIGN_ENTITLEMENTS = macOS/macOS.entitlements;
				CODE_SIGN_STYLE = Automatic;
				COMBINE_HIDPI_IMAGES = YES;
				DEVELOPMENT_TEAM = ELTTE7K8TT;
				ENABLE_HARDENED_RUNTIME = YES;
				ENABLE_PREVIEWS = YES;
				INFOPLIST_FILE = macOS/Info.plist;
				LD_RUNPATH_SEARCH_PATHS = (
					"$(inherited)",
					"@executable_path/../Frameworks",
				);
				MACOSX_DEPLOYMENT_TARGET = 11.0;
				MARKETING_VERSION = 0.1.0;
				PRODUCT_BUNDLE_IDENTIFIER = br.dev.native.metatracker;
				PRODUCT_NAME = MetaTracker;
				SDKROOT = macosx;
				SWIFT_VERSION = 5.0;
			};
			name = Debug;
		};
		79CFA5C92653058300FA8442 /* Release */ = {
			isa = XCBuildConfiguration;
			buildSettings = {
				ASSETCATALOG_COMPILER_APPICON_NAME = AppIcon;
				ASSETCATALOG_COMPILER_GLOBAL_ACCENT_COLOR_NAME = AccentColor;
				CODE_SIGN_ENTITLEMENTS = macOS/macOS.entitlements;
				CODE_SIGN_STYLE = Automatic;
				COMBINE_HIDPI_IMAGES = YES;
				DEVELOPMENT_TEAM = ELTTE7K8TT;
				ENABLE_HARDENED_RUNTIME = YES;
				ENABLE_PREVIEWS = YES;
				INFOPLIST_FILE = macOS/Info.plist;
				LD_RUNPATH_SEARCH_PATHS = (
					"$(inherited)",
					"@executable_path/../Frameworks",
				);
				MACOSX_DEPLOYMENT_TARGET = 11.0;
				MARKETING_VERSION = 0.1.0;
				PRODUCT_BUNDLE_IDENTIFIER = br.dev.native.metatracker;
				PRODUCT_NAME = MetaTracker;
				SDKROOT = macosx;
				SWIFT_VERSION = 5.0;
			};
			name = Release;
		};
		79CFA5CB2653058300FA8442 /* Debug */ = {
			isa = XCBuildConfiguration;
			buildSettings = {
				ALWAYS_EMBED_SWIFT_STANDARD_LIBRARIES = YES;
				CODE_SIGN_STYLE = Automatic;
				DEVELOPMENT_TEAM = ELTTE7K8TT;
				INFOPLIST_FILE = "Tests iOS/Info.plist";
				IPHONEOS_DEPLOYMENT_TARGET = 14.0;
				LD_RUNPATH_SEARCH_PATHS = (
					"$(inherited)",
					"@executable_path/Frameworks",
					"@loader_path/Frameworks",
				);
				PRODUCT_BUNDLE_IDENTIFIER = "br.dev.native.tests-ios";
				PRODUCT_NAME = "$(TARGET_NAME)";
				SDKROOT = iphoneos;
				SWIFT_VERSION = 5.0;
				TARGETED_DEVICE_FAMILY = "1,2";
				TEST_TARGET_NAME = "MetaTracker (iOS)";
			};
			name = Debug;
		};
		79CFA5CC2653058300FA8442 /* Release */ = {
			isa = XCBuildConfiguration;
			buildSettings = {
				ALWAYS_EMBED_SWIFT_STANDARD_LIBRARIES = YES;
				CODE_SIGN_STYLE = Automatic;
				DEVELOPMENT_TEAM = ELTTE7K8TT;
				INFOPLIST_FILE = "Tests iOS/Info.plist";
				IPHONEOS_DEPLOYMENT_TARGET = 14.0;
				LD_RUNPATH_SEARCH_PATHS = (
					"$(inherited)",
					"@executable_path/Frameworks",
					"@loader_path/Frameworks",
				);
				PRODUCT_BUNDLE_IDENTIFIER = "br.dev.native.tests-ios";
				PRODUCT_NAME = "$(TARGET_NAME)";
				SDKROOT = iphoneos;
				SWIFT_VERSION = 5.0;
				TARGETED_DEVICE_FAMILY = "1,2";
				TEST_TARGET_NAME = "MetaTracker (iOS)";
				VALIDATE_PRODUCT = YES;
			};
			name = Release;
		};
		79CFA5CE2653058300FA8442 /* Debug */ = {
			isa = XCBuildConfiguration;
			buildSettings = {
				ALWAYS_EMBED_SWIFT_STANDARD_LIBRARIES = YES;
				CODE_SIGN_STYLE = Automatic;
				COMBINE_HIDPI_IMAGES = YES;
				DEVELOPMENT_TEAM = ELTTE7K8TT;
				INFOPLIST_FILE = "Tests macOS/Info.plist";
				LD_RUNPATH_SEARCH_PATHS = (
					"$(inherited)",
					"@executable_path/../Frameworks",
					"@loader_path/../Frameworks",
				);
				MACOSX_DEPLOYMENT_TARGET = 11.0;
				PRODUCT_BUNDLE_IDENTIFIER = "br.dev.native.tests-macos";
				PRODUCT_NAME = "$(TARGET_NAME)";
				SDKROOT = macosx;
				SWIFT_VERSION = 5.0;
				TEST_TARGET_NAME = "MetaTracker (macOS)";
			};
			name = Debug;
		};
		79CFA5CF2653058300FA8442 /* Release */ = {
			isa = XCBuildConfiguration;
			buildSettings = {
				ALWAYS_EMBED_SWIFT_STANDARD_LIBRARIES = YES;
				CODE_SIGN_STYLE = Automatic;
				COMBINE_HIDPI_IMAGES = YES;
				DEVELOPMENT_TEAM = ELTTE7K8TT;
				INFOPLIST_FILE = "Tests macOS/Info.plist";
				LD_RUNPATH_SEARCH_PATHS = (
					"$(inherited)",
					"@executable_path/../Frameworks",
					"@loader_path/../Frameworks",
				);
				MACOSX_DEPLOYMENT_TARGET = 11.0;
				PRODUCT_BUNDLE_IDENTIFIER = "br.dev.native.tests-macos";
				PRODUCT_NAME = "$(TARGET_NAME)";
				SDKROOT = macosx;
				SWIFT_VERSION = 5.0;
				TEST_TARGET_NAME = "MetaTracker (macOS)";
			};
			name = Release;
		};
/* End XCBuildConfiguration section */

/* Begin XCConfigurationList section */
		79CFA58A2653058200FA8442 /* Build configuration list for PBXProject "MetaTracker" */ = {
			isa = XCConfigurationList;
			buildConfigurations = (
				79CFA5C22653058300FA8442 /* Debug */,
				79CFA5C32653058300FA8442 /* Release */,
			);
			defaultConfigurationIsVisible = 0;
			defaultConfigurationName = Release;
		};
		79CFA5C42653058300FA8442 /* Build configuration list for PBXNativeTarget "MetaTracker (iOS)" */ = {
			isa = XCConfigurationList;
			buildConfigurations = (
				79CFA5C52653058300FA8442 /* Debug */,
				79CFA5C62653058300FA8442 /* Release */,
			);
			defaultConfigurationIsVisible = 0;
			defaultConfigurationName = Release;
		};
		79CFA5C72653058300FA8442 /* Build configuration list for PBXNativeTarget "MetaTracker (macOS)" */ = {
			isa = XCConfigurationList;
			buildConfigurations = (
				79CFA5C82653058300FA8442 /* Debug */,
				79CFA5C92653058300FA8442 /* Release */,
			);
			defaultConfigurationIsVisible = 0;
			defaultConfigurationName = Release;
		};
		79CFA5CA2653058300FA8442 /* Build configuration list for PBXNativeTarget "Tests iOS" */ = {
			isa = XCConfigurationList;
			buildConfigurations = (
				79CFA5CB2653058300FA8442 /* Debug */,
				79CFA5CC2653058300FA8442 /* Release */,
			);
			defaultConfigurationIsVisible = 0;
			defaultConfigurationName = Release;
		};
		79CFA5CD2653058300FA8442 /* Build configuration list for PBXNativeTarget "Tests macOS" */ = {
			isa = XCConfigurationList;
			buildConfigurations = (
				79CFA5CE2653058300FA8442 /* Debug */,
				79CFA5CF2653058300FA8442 /* Release */,
			);
			defaultConfigurationIsVisible = 0;
			defaultConfigurationName = Release;
		};
/* End XCConfigurationList section */

/* Begin XCVersionGroup section */
		79CFA58C2653058200FA8442 /* MetaTracker.xcdatamodeld */ = {
			isa = XCVersionGroup;
			children = (
				79CFA58D2653058200FA8442 /* Shared.xcdatamodel */,
			);
			currentVersion = 79CFA58D2653058200FA8442 /* Shared.xcdatamodel */;
			path = MetaTracker.xcdatamodeld;
			sourceTree = "<group>";
			versionGroupType = wrapper.xcdatamodel;
		};
/* End XCVersionGroup section */
	};
	rootObject = 79CFA5872653058200FA8442 /* Project object */;
}
